
Microsoft Visual Studio Solution File, Format Version 12.00
# Visual Studio Version 16
VisualStudioVersion = 16.0.31410.357
MinimumVisualStudioVersion = 10.0.40219.1
Project("{8BC9CEB8-8B4A-11D0-8D11-00A0C91BC942}") = "grammartool", "grammartool.vcxproj", "{DDE4AFBE-56B7-450B-A801-BEF37A4EEF9F}"
EndProject
Global
	GlobalSection(SolutionConfigurationPlatforms) = preSolution
		Debug|x64 = Debug|x64
		Debug|x86 = Debug|x86
		Release|x64 = Release|x64
		Release|x86 = Release|x86
	EndGlobalSection
	GlobalSection(ProjectConfigurationPlatforms) = postSolution
		{DDE4AFBE-56B7-450B-A801-BEF37A4EEF9F}.Debug|x64.ActiveCfg = Debug|x64
		{DDE4AFBE-56B7-450B-A801-BEF37A4EEF9F}.Debug|x64.Build.0 = Debug|x64
		{DDE4AFBE-56B7-450B-A801-BEF37A4EEF9F}.Debug|x86.ActiveCfg = Debug|Win32
		{DDE4AFBE-56B7-450B-A801-BEF37A4EEF9F}.Debug|x86.Build.0 = Debug|Win32
		{DDE4AFBE-56B7-450B-A801-BEF37A4EEF9F}.Release|x64.ActiveCfg = Release|x64
		{DDE4AFBE-56B7-450B-A801-BEF37A4EEF9F}.Release|x64.Build.0 = Release|x64
		{DDE4AFBE-56B7-450B-A801-BEF37A4EEF9F}.Release|x86.ActiveCfg = Release|Win32
		{DDE4AFBE-56B7-450B-A801-BEF37A4EEF9F}.Release|x86.Build.0 = Release|Win32
	EndGlobalSection
	GlobalSection(SolutionProperties) = preSolution
		HideSolutionNode = FALSE
	EndGlobalSection
	GlobalSection(ExtensibilityGlobals) = postSolution
		SolutionGuid = {513FC2AD-474E-4FC7-9BB2-7F153AFF3D06}
	EndGlobalSection
EndGlobal
