<?xml version="1.0" encoding="utf-8"?>
<Project ToolsVersion="4.0" xmlns="http://schemas.microsoft.com/developer/msbuild/2003">
  <ItemGroup>
    <Filter Include="Source Files">
      <UniqueIdentifier>{4FC737F1-C7A5-4376-A066-2A32D752A2FF}</UniqueIdentifier>
      <Extensions>cpp;c;cc;cxx;c++;cppm;ixx;def;odl;idl;hpj;bat;asm;asmx</Extensions>
    </Filter>
    <Filter Include="Header Files">
      <UniqueIdentifier>{93995380-89BD-4b04-88EB-625FBE52EBFB}</UniqueIdentifier>
      <Extensions>h;hh;hpp;hxx;h++;hm;inl;inc;ipp;xsd</Extensions>
    </Filter>
    <Filter Include="Resource Files">
      <UniqueIdentifier>{67DA6AB6-F800-4c08-8B7A-83BB121AAD01}</UniqueIdentifier>
      <Extensions>rc;ico;cur;bmp;dlg;rc2;rct;bin;rgs;gif;jpg;jpeg;jpe;resx;tiff;tif;png;wav;mfcribbon-ms</Extensions>
    </Filter>
    <Filter Include="Source Files\Encoder">
      <UniqueIdentifier>{eefb6964-d677-4c1b-8822-4687f82a2a17}</UniqueIdentifier>
    </Filter>
    <Filter Include="Source Files\Lexer">
      <UniqueIdentifier>{2a0ef2df-7ac8-4c06-8eae-327c747ea0be}</UniqueIdentifier>
    </Filter>
    <Filter Include="Source Files\LanguageServer">
      <UniqueIdentifier>{e161bafe-0a87-4731-b59a-584924988d44}</UniqueIdentifier>
    </Filter>
    <Filter Include="Source Files\TextDocument">
      <UniqueIdentifier>{840cefc8-df40-44bf-a05c-7fd76842cf10}</UniqueIdentifier>
    </Filter>
    <Filter Include="Source Files\JsonSchema">
      <UniqueIdentifier>{96553e2f-0524-4f49-b6ef-9e99b077bc35}</UniqueIdentifier>
    </Filter>
    <Filter Include="Source Files\Repl">
      <UniqueIdentifier>{1f757459-e80d-446d-8dc6-a08660de6445}</UniqueIdentifier>
    </Filter>
    <Filter Include="Source Files\Parser">
      <UniqueIdentifier>{f62b845f-c3a9-48c7-8a6d-b70234511236}</UniqueIdentifier>
    </Filter>
    <Filter Include="Source Files\VirtualMachine">
      <UniqueIdentifier>{39cc3e10-2c74-4bca-9b7c-05fde48207ec}</UniqueIdentifier>
    </Filter>
    <Filter Include="Source Files\String">
      <UniqueIdentifier>{767b1658-60bf-4b4d-92eb-666327cd3d68}</UniqueIdentifier>
    </Filter>
    <Filter Include="Source Files\AST">
      <UniqueIdentifier>{0b27fb67-8af7-460a-a7bd-d376d0818834}</UniqueIdentifier>
    </Filter>
  </ItemGroup>
  <ItemGroup>
    <ClCompile Include="main.cpp">
      <Filter>Source Files</Filter>
    </ClCompile>
    <ClCompile Include="Console.cpp">
      <Filter>Source Files</Filter>
    </ClCompile>
    <ClCompile Include="TypeRegistry.cpp">
      <Filter>Source Files</Filter>
    </ClCompile>
    <ClCompile Include="Class.cpp">
      <Filter>Source Files</Filter>
    </ClCompile>
    <ClCompile Include="Field.cpp">
      <Filter>Source Files</Filter>
    </ClCompile>
    <ClCompile Include="Instance.cpp">
      <Filter>Source Files</Filter>
    </ClCompile>
    <ClCompile Include="Lexer.cpp">
      <Filter>Source Files\Lexer</Filter>
    </ClCompile>
    <ClCompile Include="SourceIterator.cpp">
      <Filter>Source Files\Encoder</Filter>
    </ClCompile>
    <ClCompile Include="Unicode.cpp">
      <Filter>Source Files\Encoder</Filter>
    </ClCompile>
    <ClCompile Include="LanguageServer.cpp">
      <Filter>Source Files\LanguageServer</Filter>
    </ClCompile>
    <ClCompile Include="utils.cpp">
      <Filter>Source Files</Filter>
    </ClCompile>
    <ClCompile Include="IDEConnection.cpp">
      <Filter>Source Files\LanguageServer</Filter>
    </ClCompile>
    <ClCompile Include="JsonSerializable.cpp">
      <Filter>Source Files\JsonSchema</Filter>
    </ClCompile>
    <ClCompile Include="JsonField.cpp">
      <Filter>Source Files\JsonSchema</Filter>
    </ClCompile>
    <ClCompile Include="TextDocument.cpp">
      <Filter>Source Files\TextDocument</Filter>
    </ClCompile>
    <ClCompile Include="UnicodeStreams.cpp">
      <Filter>Source Files\Encoder</Filter>
    </ClCompile>
    <ClCompile Include="Test.cpp">
      <Filter>Source Files</Filter>
    </ClCompile>
    <ClCompile Include="Parser.cpp">
      <Filter>Source Files\Parser</Filter>
    </ClCompile>
    <ClCompile Include="Token.cpp">
      <Filter>Source Files</Filter>
    </ClCompile>
    <ClCompile Include="VirtualMachine.cpp">
      <Filter>Source Files\VirtualMachine</Filter>
    </ClCompile>
    <ClCompile Include="Routine.cpp">
      <Filter>Source Files\VirtualMachine</Filter>
    </ClCompile>
    <ClCompile Include="String.cpp">
      <Filter>Source Files\String</Filter>
    </ClCompile>
    <ClCompile Include="Chunk.cpp">
      <Filter>Source Files\VirtualMachine</Filter>
    </ClCompile>
    <ClCompile Include="VariableNode.cpp">
      <Filter>Source Files\AST</Filter>
    </ClCompile>
    <ClCompile Include="SyntaxNode.cpp">
      <Filter>Source Files\AST</Filter>
    </ClCompile>
    <ClCompile Include="StringLiteralNode.cpp">
      <Filter>Source Files\AST</Filter>
    </ClCompile>
    <ClCompile Include="IntegerLiteralNode.cpp">
      <Filter>Source Files\AST</Filter>
    </ClCompile>
    <ClCompile Include="BinaryOperatorNode.cpp">
      <Filter>Source Files\AST</Filter>
    </ClCompile>
    <ClCompile Include="JumpTable.cpp">
      <Filter>Source Files\VirtualMachine</Filter>
    </ClCompile>
    <ClCompile Include="StatementNode.cpp">
      <Filter>Source Files\AST</Filter>
    </ClCompile>
    <ClCompile Include="VariableDeclarationStatementNode.cpp">
      <Filter>Source Files\AST</Filter>
    </ClCompile>
    <ClCompile Include="AssignStatementNode.cpp">
      <Filter>Source Files\AST</Filter>
    </ClCompile>
    <ClCompile Include="EndStatementNode.cpp">
      <Filter>Source Files\AST</Filter>
    </ClCompile>
    <ClCompile Include="FunctionStatementNode.cpp">
      <Filter>Source Files\AST</Filter>
    </ClCompile>
    <ClCompile Include="ClassStatementNode.cpp">
      <Filter>Source Files\AST</Filter>
    </ClCompile>
    <ClCompile Include="BlockStatementNode.cpp">
      <Filter>Source Files\AST</Filter>
    </ClCompile>
  </ItemGroup>
  <ItemGroup>
    <ClInclude Include="Class.h">
      <Filter>Source Files</Filter>
    </ClInclude>
    <ClInclude Include="Instance.h">
      <Filter>Source Files</Filter>
    </ClInclude>
    <ClInclude Include="TokenType.h">
      <Filter>Source Files</Filter>
    </ClInclude>
    <ClInclude Include="Token.h">
      <Filter>Source Files</Filter>
    </ClInclude>
    <ClInclude Include="Console.h">
      <Filter>Source Files</Filter>
    </ClInclude>
    <ClInclude Include="Function.h">
      <Filter>Source Files</Filter>
    </ClInclude>
    <ClInclude Include="Field.h">
      <Filter>Source Files</Filter>
    </ClInclude>
    <ClInclude Include="types.h">
      <Filter>Source Files</Filter>
    </ClInclude>
    <ClInclude Include="DataType.h">
      <Filter>Source Files</Filter>
    </ClInclude>
    <ClInclude Include="Cell.h">
      <Filter>Source Files</Filter>
    </ClInclude>
    <ClInclude Include="TypeRegistry.h">
      <Filter>Source Files</Filter>
    </ClInclude>
    <ClInclude Include="Lexer.h">
      <Filter>Source Files\Lexer</Filter>
    </ClInclude>
    <ClInclude Include="Repl.h">
      <Filter>Source Files\Repl</Filter>
    </ClInclude>
    <ClInclude Include="SourceIterator.h">
      <Filter>Source Files\Encoder</Filter>
    </ClInclude>
    <ClInclude Include="Unicode.h">
      <Filter>Source Files\Encoder</Filter>
    </ClInclude>
    <ClInclude Include="Encoding.h">
      <Filter>Source Files\Encoder</Filter>
    </ClInclude>
    <ClInclude Include="LanguageServer.h">
      <Filter>Source Files\LanguageServer</Filter>
    </ClInclude>
    <ClInclude Include="json.h">
      <Filter>Source Files</Filter>
    </ClInclude>
    <ClInclude Include="utils.h">
      <Filter>Source Files</Filter>
    </ClInclude>
    <ClInclude Include="IDEConnection.h">
      <Filter>Source Files\LanguageServer</Filter>
    </ClInclude>
    <ClInclude Include="LSPEnums.h">
      <Filter>Source Files\LanguageServer</Filter>
    </ClInclude>
    <ClInclude Include="TextDocument.h">
      <Filter>Source Files\TextDocument</Filter>
    </ClInclude>
    <ClInclude Include="Position.h">
      <Filter>Source Files\TextDocument</Filter>
    </ClInclude>
    <ClInclude Include="Range.h">
      <Filter>Source Files\TextDocument</Filter>
    </ClInclude>
    <ClInclude Include="JsonScheme.h">
      <Filter>Source Files\JsonSchema</Filter>
    </ClInclude>
    <ClInclude Include="JsonField.h">
      <Filter>Source Files\JsonSchema</Filter>
    </ClInclude>
    <ClInclude Include="JsonSerializable.h">
      <Filter>Source Files\JsonSchema</Filter>
    </ClInclude>
    <ClInclude Include="OpenedTextDocument.h">
      <Filter>Source Files\TextDocument</Filter>
    </ClInclude>
    <ClInclude Include="Streams.h">
      <Filter>Source Files\Encoder</Filter>
    </ClInclude>
    <ClInclude Include="UnicodeStreams.h">
      <Filter>Source Files\Encoder</Filter>
    </ClInclude>
    <ClInclude Include="Test.h">
      <Filter>Source Files</Filter>
    </ClInclude>
    <ClInclude Include="Parser.h">
      <Filter>Source Files\Parser</Filter>
    </ClInclude>
    <ClInclude Include="VirtualMachine.h">
      <Filter>Source Files\VirtualMachine</Filter>
    </ClInclude>
    <ClInclude Include="Stack.h">
      <Filter>Source Files\VirtualMachine</Filter>
    </ClInclude>
    <ClInclude Include="Routine.h">
      <Filter>Source Files\VirtualMachine</Filter>
    </ClInclude>
    <ClInclude Include="InstructionType.h">
      <Filter>Source Files\VirtualMachine</Filter>
    </ClInclude>
    <ClInclude Include="String.h">
      <Filter>Source Files\String</Filter>
    </ClInclude>
    <ClInclude Include="Chunk.h">
      <Filter>Source Files\VirtualMachine</Filter>
    </ClInclude>
    <ClInclude Include="VariableNode.h">
      <Filter>Source Files\AST</Filter>
    </ClInclude>
    <ClInclude Include="SyntaxNode.h">
      <Filter>Source Files\AST</Filter>
    </ClInclude>
    <ClInclude Include="StringLiteralNode.h">
      <Filter>Source Files\AST</Filter>
    </ClInclude>
    <ClInclude Include="IntegerLiteralNode.h">
      <Filter>Source Files\AST</Filter>
    </ClInclude>
    <ClInclude Include="BinaryOperatorNode.h">
      <Filter>Source Files\AST</Filter>
    </ClInclude>
    <ClInclude Include="BaseInstruction.h">
      <Filter>Source Files\VirtualMachine</Filter>
    </ClInclude>
    <ClInclude Include="Instructions.h">
      <Filter>Source Files\VirtualMachine</Filter>
    </ClInclude>
    <ClInclude Include="JumpTable.h">
      <Filter>Source Files\VirtualMachine</Filter>
    </ClInclude>
    <ClInclude Include="StatementNode.h">
      <Filter>Source Files\AST</Filter>
    </ClInclude>
    <ClInclude Include="SingleTokenSyntaxNode.h">
      <Filter>Source Files\AST</Filter>
    </ClInclude>
    <ClInclude Include="InvalidStatementNode.h">
      <Filter>Source Files\AST</Filter>
    </ClInclude>
    <ClInclude Include="VariableDeclarationStatementNode.h">
      <Filter>Source Files\AST</Filter>
    </ClInclude>
    <ClInclude Include="AssignStatementNode.h">
      <Filter>Source Files\AST</Filter>
    </ClInclude>
    <ClInclude Include="EndStatementNode.h">
      <Filter>Source Files\AST</Filter>
    </ClInclude>
    <ClInclude Include="FunctionStatementNode.h">
      <Filter>Source Files\AST</Filter>
    </ClInclude>
    <ClInclude Include="ClassStatementNode.h">
      <Filter>Source Files\AST</Filter>
    </ClInclude>
    <ClInclude Include="BlockStatementNode.h">
      <Filter>Source Files\AST</Filter>
    </ClInclude>
  </ItemGroup>
</Project>