<?xml version="1.0" encoding="utf-8"?>
<Project ToolsVersion="4.0" xmlns="http://schemas.microsoft.com/developer/msbuild/2003">
  <ItemGroup>
    <Filter Include="Source Files">
      <UniqueIdentifier>{4FC737F1-C7A5-4376-A066-2A32D752A2FF}</UniqueIdentifier>
      <Extensions>cpp;c;cc;cxx;c++;cppm;ixx;def;odl;idl;hpj;bat;asm;asmx</Extensions>
    </Filter>
    <Filter Include="Header Files">
      <UniqueIdentifier>{93995380-89BD-4b04-88EB-625FBE52EBFB}</UniqueIdentifier>
      <Extensions>h;hh;hpp;hxx;h++;hm;inl;inc;ipp;xsd</Extensions>
    </Filter>
    <Filter Include="Resource Files">
      <UniqueIdentifier>{67DA6AB6-F800-4c08-8B7A-83BB121AAD01}</UniqueIdentifier>
      <Extensions>rc;ico;cur;bmp;dlg;rc2;rct;bin;rgs;gif;jpg;jpeg;jpe;resx;tiff;tif;png;wav;mfcribbon-ms</Extensions>
    </Filter>
    <Filter Include="Source Files\Encoder">
      <UniqueIdentifier>{eefb6964-d677-4c1b-8822-4687f82a2a17}</UniqueIdentifier>
    </Filter>
    <Filter Include="Source Files\Lexer">
      <UniqueIdentifier>{2a0ef2df-7ac8-4c06-8eae-327c747ea0be}</UniqueIdentifier>
    </Filter>
    <Filter Include="Source Files\LanguageServer">
      <UniqueIdentifier>{e161bafe-0a87-4731-b59a-584924988d44}</UniqueIdentifier>
    </Filter>
    <Filter Include="Source Files\TextDocument">
      <UniqueIdentifier>{840cefc8-df40-44bf-a05c-7fd76842cf10}</UniqueIdentifier>
    </Filter>
    <Filter Include="Source Files\JsonSchema">
      <UniqueIdentifier>{96553e2f-0524-4f49-b6ef-9e99b077bc35}</UniqueIdentifier>
    </Filter>
    <Filter Include="Source Files\Repl">
      <UniqueIdentifier>{1f757459-e80d-446d-8dc6-a08660de6445}</UniqueIdentifier>
    </Filter>
    <Filter Include="Source Files\Parser">
      <UniqueIdentifier>{f62b845f-c3a9-48c7-8a6d-b70234511236}</UniqueIdentifier>
    </Filter>
    <Filter Include="Source Files\VirtualMachine">
      <UniqueIdentifier>{39cc3e10-2c74-4bca-9b7c-05fde48207ec}</UniqueIdentifier>
    </Filter>
    <Filter Include="Source Files\String">
      <UniqueIdentifier>{767b1658-60bf-4b4d-92eb-666327cd3d68}</UniqueIdentifier>
    </Filter>
    <Filter Include="Source Files\AST">
      <UniqueIdentifier>{0b27fb67-8af7-460a-a7bd-d376d0818834}</UniqueIdentifier>
    </Filter>
    <Filter Include="Source Files\Errors">
      <UniqueIdentifier>{4d9056f5-4a61-4d9e-9eba-4451b2553159}</UniqueIdentifier>
    </Filter>
    <Filter Include="Source Files\SourceProject">
      <UniqueIdentifier>{5e2029ae-c6bd-412b-be38-98024ed71df1}</UniqueIdentifier>
    </Filter>
  </ItemGroup>
  <ItemGroup>
    <ClCompile Include="main.cpp">
      <Filter>Source Files</Filter>
    </ClCompile>
    <ClCompile Include="console.cpp">
      <Filter>Source Files</Filter>
    </ClCompile>
    <ClCompile Include="type_registry.cpp">
      <Filter>Source Files</Filter>
    </ClCompile>
    <ClCompile Include="class.cpp">
      <Filter>Source Files</Filter>
    </ClCompile>
    <ClCompile Include="field.cpp">
      <Filter>Source Files</Filter>
    </ClCompile>
    <ClCompile Include="instance.cpp">
      <Filter>Source Files</Filter>
    </ClCompile>
    <ClCompile Include="lexer.cpp">
      <Filter>Source Files\Lexer</Filter>
    </ClCompile>
    <ClCompile Include="source_iterator.cpp">
      <Filter>Source Files\Encoder</Filter>
    </ClCompile>
    <ClCompile Include="unicode.cpp">
      <Filter>Source Files\Encoder</Filter>
    </ClCompile>
    <ClCompile Include="language_server.cpp">
      <Filter>Source Files\LanguageServer</Filter>
    </ClCompile>
    <ClCompile Include="utils.cpp">
      <Filter>Source Files</Filter>
    </ClCompile>
    <ClCompile Include="ide_connection.cpp">
      <Filter>Source Files\LanguageServer</Filter>
    </ClCompile>
    <ClCompile Include="json_serializable.cpp">
      <Filter>Source Files\JsonSchema</Filter>
    </ClCompile>
    <ClCompile Include="json_field.cpp">
      <Filter>Source Files\JsonSchema</Filter>
    </ClCompile>
    <ClCompile Include="text_document.cpp">
      <Filter>Source Files\TextDocument</Filter>
    </ClCompile>
    <ClCompile Include="unicode_streams.cpp">
      <Filter>Source Files\Encoder</Filter>
    </ClCompile>
    <ClCompile Include="test.cpp">
      <Filter>Source Files</Filter>
    </ClCompile>
    <ClCompile Include="parser.cpp">
      <Filter>Source Files\Parser</Filter>
    </ClCompile>
    <ClCompile Include="virtual_machine.cpp">
      <Filter>Source Files\VirtualMachine</Filter>
    </ClCompile>
    <ClCompile Include="routine.cpp">
      <Filter>Source Files\VirtualMachine</Filter>
    </ClCompile>
    <ClCompile Include="string.cpp">
      <Filter>Source Files\String</Filter>
    </ClCompile>
    <ClCompile Include="chunk.cpp">
      <Filter>Source Files\VirtualMachine</Filter>
    </ClCompile>
    <ClCompile Include="variable_node.cpp">
      <Filter>Source Files\AST</Filter>
    </ClCompile>
    <ClCompile Include="syntax_node.cpp">
      <Filter>Source Files\AST</Filter>
    </ClCompile>
    <ClCompile Include="string_literal_node.cpp">
      <Filter>Source Files\AST</Filter>
    </ClCompile>
    <ClCompile Include="integer_literal_node.cpp">
      <Filter>Source Files\AST</Filter>
    </ClCompile>
    <ClCompile Include="binary_operator_node.cpp">
      <Filter>Source Files\AST</Filter>
    </ClCompile>
    <ClCompile Include="jump_table.cpp">
      <Filter>Source Files\VirtualMachine</Filter>
    </ClCompile>
    <ClCompile Include="statement.cpp">
      <Filter>Source Files\AST</Filter>
    </ClCompile>
    <ClCompile Include="variable_declaration_statement.cpp">
      <Filter>Source Files\AST</Filter>
    </ClCompile>
    <ClCompile Include="assign_statement.cpp">
      <Filter>Source Files\AST</Filter>
    </ClCompile>
    <ClCompile Include="end_statement.cpp">
      <Filter>Source Files\AST</Filter>
    </ClCompile>
    <ClCompile Include="function_statement.cpp">
      <Filter>Source Files\AST</Filter>
    </ClCompile>
    <ClCompile Include="class_statement.cpp">
      <Filter>Source Files\AST</Filter>
    </ClCompile>
    <ClCompile Include="block_statement.cpp">
      <Filter>Source Files\AST</Filter>
    </ClCompile>
    <ClCompile Include="source_project.cpp">
      <Filter>Source Files\SourceProject</Filter>
    </ClCompile>
    <ClCompile Include="translation_module.cpp">
      <Filter>Source Files\SourceProject</Filter>
    </ClCompile>
    <ClCompile Include="token.cpp">
      <Filter>Source Files\Lexer</Filter>
    </ClCompile>
  </ItemGroup>
  <ItemGroup>
    <ClInclude Include="class.h">
      <Filter>Source Files</Filter>
    </ClInclude>
    <ClInclude Include="instance.h">
      <Filter>Source Files</Filter>
    </ClInclude>
    <ClInclude Include="console.h">
      <Filter>Source Files</Filter>
    </ClInclude>
    <ClInclude Include="function.h">
      <Filter>Source Files</Filter>
    </ClInclude>
    <ClInclude Include="field.h">
      <Filter>Source Files</Filter>
    </ClInclude>
    <ClInclude Include="types.h">
      <Filter>Source Files</Filter>
    </ClInclude>
    <ClInclude Include="data_type.h">
      <Filter>Source Files</Filter>
    </ClInclude>
    <ClInclude Include="cell.h">
      <Filter>Source Files</Filter>
    </ClInclude>
    <ClInclude Include="type_registry.h">
      <Filter>Source Files</Filter>
    </ClInclude>
    <ClInclude Include="lexer.h">
      <Filter>Source Files\Lexer</Filter>
    </ClInclude>
    <ClInclude Include="repl.h">
      <Filter>Source Files\Repl</Filter>
    </ClInclude>
    <ClInclude Include="source_iterator.h">
      <Filter>Source Files\Encoder</Filter>
    </ClInclude>
    <ClInclude Include="unicode.h">
      <Filter>Source Files\Encoder</Filter>
    </ClInclude>
    <ClInclude Include="encoding.h">
      <Filter>Source Files\Encoder</Filter>
    </ClInclude>
    <ClInclude Include="language_server.h">
      <Filter>Source Files\LanguageServer</Filter>
    </ClInclude>
    <ClInclude Include="json.h">
      <Filter>Source Files</Filter>
    </ClInclude>
    <ClInclude Include="utils.h">
      <Filter>Source Files</Filter>
    </ClInclude>
    <ClInclude Include="ide_connection.h">
      <Filter>Source Files\LanguageServer</Filter>
    </ClInclude>
    <ClInclude Include="lsp_enums.h">
      <Filter>Source Files\LanguageServer</Filter>
    </ClInclude>
    <ClInclude Include="text_document.h">
      <Filter>Source Files\TextDocument</Filter>
    </ClInclude>
    <ClInclude Include="position.h">
      <Filter>Source Files\TextDocument</Filter>
    </ClInclude>
    <ClInclude Include="range.h">
      <Filter>Source Files\TextDocument</Filter>
    </ClInclude>
    <ClInclude Include="json_scheme.h">
      <Filter>Source Files\JsonSchema</Filter>
    </ClInclude>
    <ClInclude Include="json_field.h">
      <Filter>Source Files\JsonSchema</Filter>
    </ClInclude>
    <ClInclude Include="json_serializable.h">
      <Filter>Source Files\JsonSchema</Filter>
    </ClInclude>
    <ClInclude Include="opened_text_document.h">
      <Filter>Source Files\TextDocument</Filter>
    </ClInclude>
    <ClInclude Include="streams.h">
      <Filter>Source Files\Encoder</Filter>
    </ClInclude>
    <ClInclude Include="unicode_streams.h">
      <Filter>Source Files\Encoder</Filter>
    </ClInclude>
    <ClInclude Include="test.h">
      <Filter>Source Files</Filter>
    </ClInclude>
    <ClInclude Include="parser.h">
      <Filter>Source Files\Parser</Filter>
    </ClInclude>
    <ClInclude Include="virtual_machine.h">
      <Filter>Source Files\VirtualMachine</Filter>
    </ClInclude>
    <ClInclude Include="stack.h">
      <Filter>Source Files\VirtualMachine</Filter>
    </ClInclude>
    <ClInclude Include="routine.h">
      <Filter>Source Files\VirtualMachine</Filter>
    </ClInclude>
    <ClInclude Include="instruction_type.h">
      <Filter>Source Files\VirtualMachine</Filter>
    </ClInclude>
    <ClInclude Include="string.h">
      <Filter>Source Files\String</Filter>
    </ClInclude>
    <ClInclude Include="chunk.h">
      <Filter>Source Files\VirtualMachine</Filter>
    </ClInclude>
    <ClInclude Include="variable_node.h">
      <Filter>Source Files\AST</Filter>
    </ClInclude>
    <ClInclude Include="syntax_node.h">
      <Filter>Source Files\AST</Filter>
    </ClInclude>
    <ClInclude Include="string_literal_node.h">
      <Filter>Source Files\AST</Filter>
    </ClInclude>
    <ClInclude Include="integer_literal_node.h">
      <Filter>Source Files\AST</Filter>
    </ClInclude>
    <ClInclude Include="binary_operator_node.h">
      <Filter>Source Files\AST</Filter>
    </ClInclude>
    <ClInclude Include="base_instruction.h">
      <Filter>Source Files\VirtualMachine</Filter>
    </ClInclude>
    <ClInclude Include="instructions.h">
      <Filter>Source Files\VirtualMachine</Filter>
    </ClInclude>
    <ClInclude Include="jump_table.h">
      <Filter>Source Files\VirtualMachine</Filter>
    </ClInclude>
    <ClInclude Include="statement.h">
      <Filter>Source Files\AST</Filter>
    </ClInclude>
    <ClInclude Include="single_token_syntax_node.h">
      <Filter>Source Files\AST</Filter>
    </ClInclude>
    <ClInclude Include="unknown_statement.h">
      <Filter>Source Files\AST</Filter>
    </ClInclude>
    <ClInclude Include="variable_declaration_statement.h">
      <Filter>Source Files\AST</Filter>
    </ClInclude>
    <ClInclude Include="assign_statement.h">
      <Filter>Source Files\AST</Filter>
    </ClInclude>
    <ClInclude Include="end_statement.h">
      <Filter>Source Files\AST</Filter>
    </ClInclude>
    <ClInclude Include="function_statement.h">
      <Filter>Source Files\AST</Filter>
    </ClInclude>
    <ClInclude Include="class_statement.h">
      <Filter>Source Files\AST</Filter>
    </ClInclude>
    <ClInclude Include="block_statement.h">
      <Filter>Source Files\AST</Filter>
    </ClInclude>
    <ClInclude Include="unexepected_error.h">
      <Filter>Source Files\Errors</Filter>
    </ClInclude>
    <ClInclude Include="scope.h">
      <Filter>Source Files\VirtualMachine</Filter>
    </ClInclude>
    <ClInclude Include="symbol.h">
      <Filter>Source Files</Filter>
    </ClInclude>
    <ClInclude Include="symbol_type.h">
      <Filter>Source Files</Filter>
    </ClInclude>
    <ClInclude Include="source_project.h">
      <Filter>Source Files\SourceProject</Filter>
    </ClInclude>
    <ClInclude Include="translation_module.h">
      <Filter>Source Files\SourceProject</Filter>
    </ClInclude>
    <ClInclude Include="symbol_table.h">
      <Filter>Source Files</Filter>
    </ClInclude>
    <ClInclude Include="token.h">
      <Filter>Source Files\Lexer</Filter>
    </ClInclude>
    <ClInclude Include="token_type.h">
      <Filter>Source Files\Lexer</Filter>
    </ClInclude>
  </ItemGroup>
</Project>